{
  "lockfileVersion": 1,
  "configVersion": 1,
  "workspaces": {
    "": {
      "name": "aralroca.com",
      "dependencies": {
        "@janux/cli": "0.7.0",
        "@janux/server": "0.7.0",
        "gray-matter": "4.0.3",
        "highlight.js": "11.11.1",
        "janux": "0.7.0",
        "js-paging": "0.2.0",
        "marked": "16.1.2",
        "marked-gfm-heading-id": "4.1.3",
        "marked-highlight": "2.2.2",
        "reading-time": "1.5.0",
      },
      "devDependencies": {
        "@biomejs/biome": "2.2.0",
        "@janux/vercel": "0.7.0",
        "@types/bun": "1.2.20",
        "typescript": "5.9.2",
      },
    },
  },
  "packages": {
    "@ai-sdk/gateway": ["@ai-sdk/gateway@3.0.168", "", { "dependencies": { "@ai-sdk/provider": "3.0.15", "@ai-sdk/provider-utils": "4.0.44", "@vercel/oidc": "3.2.0" }, "peerDependencies": { "zod": "^3.25.76 || ^4.1.8" } }, "sha512-3uc/I4kSjPaeUa2aIl0lfPTxv8O4EkN6Tw1UtCnXLPYfqEbUgsetqUf6o4YAUqalzh6yFsNyWpVQtdoA5cVZAg=="],

    "@ai-sdk/provider": ["@ai-sdk/provider@3.0.15", "", { "dependencies": { "json-schema": "^0.4.0" } }, "sha512-XeZW1CcDF2GMbH4wejW6xBRI2QCOgnkVYUnxoeDadB1mf85riL2bMUeDoh+6gJ/r4mjNfzUPW8OjLjvwTP0u1Q=="],

    "@ai-sdk/provider-utils": ["@ai-sdk/provider-utils@4.0.44", "", { "dependencies": { "@ai-sdk/provider": "3.0.15", "@standard-schema/spec": "^1.1.0", "eventsource-parser": "^3.0.8", "undici": "^5.29.0" }, "peerDependencies": { "zod": "^3.25.76 || ^4.1.8" } }, "sha512-f59ud5yuRih2R++3Nmh5qHryjQZ4UbhGo27PYfWw86lSWQeBrf8SlwWxiOT/k1fCVDkghHZuSfLlmERWS+1RRQ=="],

    "@aralroca/gui-agent": ["@aralroca/gui-agent@0.5.0", "", { "dependencies": { "@mcp-b/webmcp-polyfill": "^3.0.0" }, "peerDependencies": { "ai": ">=5", "react": ">=18", "zod": ">=3.23" }, "optionalPeers": ["ai", "react", "zod"] }, "sha512-xjspcKK9EBYsoXThjlgjlBkkru2ytCkQozNOzCdplNz7nf6km+EHiw61nAZT1p4eAzrIyhsU2FCs3eyNjYqIyw=="],

    "@biomejs/biome": ["@biomejs/biome@2.2.0", "", { "optionalDependencies": { "@biomejs/cli-darwin-arm64": "2.2.0", "@biomejs/cli-darwin-x64": "2.2.0", "@biomejs/cli-linux-arm64": "2.2.0", "@biomejs/cli-linux-arm64-musl": "2.2.0", "@biomejs/cli-linux-x64": "2.2.0", "@biomejs/cli-linux-x64-musl": "2.2.0", "@biomejs/cli-win32-arm64": "2.2.0", "@biomejs/cli-win32-x64": "2.2.0" }, "bin": { "biome": "bin/biome" } }, "sha512-3On3RSYLsX+n9KnoSgfoYlckYBoU6VRM22cw1gB4Y0OuUVSYd/O/2saOJMrA4HFfA1Ff0eacOvMN1yAAvHtzIw=="],

    "@biomejs/cli-darwin-arm64": ["@biomejs/cli-darwin-arm64@2.2.0", "", { "os": "darwin", "cpu": "arm64" }, "sha512-zKbwUUh+9uFmWfS8IFxmVD6XwqFcENjZvEyfOxHs1epjdH3wyyMQG80FGDsmauPwS2r5kXdEM0v/+dTIA9FXAg=="],

    "@biomejs/cli-darwin-x64": ["@biomejs/cli-darwin-x64@2.2.0", "", { "os": "darwin", "cpu": "x64" }, "sha512-+OmT4dsX2eTfhD5crUOPw3RPhaR+SKVspvGVmSdZ9y9O/AgL8pla6T4hOn1q+VAFBHuHhsdxDRJgFCSC7RaMOw=="],

    "@biomejs/cli-linux-arm64": ["@biomejs/cli-linux-arm64@2.2.0", "", { "os": "linux", "cpu": "arm64" }, "sha512-6eoRdF2yW5FnW9Lpeivh7Mayhq0KDdaDMYOJnH9aT02KuSIX5V1HmWJCQQPwIQbhDh68Zrcpl8inRlTEan0SXw=="],

    "@biomejs/cli-linux-arm64-musl": ["@biomejs/cli-linux-arm64-musl@2.2.0", "", { "os": "linux", "cpu": "arm64" }, "sha512-egKpOa+4FL9YO+SMUMLUvf543cprjevNc3CAgDNFLcjknuNMcZ0GLJYa3EGTCR2xIkIUJDVneBV3O9OcIlCEZQ=="],

    "@biomejs/cli-linux-x64": ["@biomejs/cli-linux-x64@2.2.0", "", { "os": "linux", "cpu": "x64" }, "sha512-5UmQx/OZAfJfi25zAnAGHUMuOd+LOsliIt119x2soA2gLggQYrVPA+2kMUxR6Mw5M1deUF/AWWP2qpxgH7Nyfw=="],

    "@biomejs/cli-linux-x64-musl": ["@biomejs/cli-linux-x64-musl@2.2.0", "", { "os": "linux", "cpu": "x64" }, "sha512-I5J85yWwUWpgJyC1CcytNSGusu2p9HjDnOPAFG4Y515hwRD0jpR9sT9/T1cKHtuCvEQ/sBvx+6zhz9l9wEJGAg=="],

    "@biomejs/cli-win32-arm64": ["@biomejs/cli-win32-arm64@2.2.0", "", { "os": "win32", "cpu": "arm64" }, "sha512-n9a1/f2CwIDmNMNkFs+JI0ZjFnMO0jdOyGNtihgUNFnlmd84yIYY2KMTBmMV58ZlVHjgmY5Y6E1hVTnSRieggA=="],

    "@biomejs/cli-win32-x64": ["@biomejs/cli-win32-x64@2.2.0", "", { "os": "win32", "cpu": "x64" }, "sha512-Nawu5nHjP/zPKTIryh2AavzTc/KEg4um/MxWdXW0A6P/RZOyIpa7+QSjeXwAwX/utJGaCoXRPWtF3m5U/bB3Ww=="],

    "@capsizecss/metrics": ["@capsizecss/metrics@3.7.0", "", {}, "sha512-NHdEMrl/zd2XgiSv2xHRF/FxGc2OTBKjhPzr9SgbHzqmoTVn8BbRK88Dtq0m65idX/RMD7ptyVdbGHFcvlErSw=="],

    "@capsizecss/unpack": ["@capsizecss/unpack@2.4.0", "", { "dependencies": { "blob-to-buffer": "^1.2.8", "cross-fetch": "^3.0.4", "fontkit": "^2.0.2" } }, "sha512-GrSU71meACqcmIUxPYOJvGKF0yryjN/L1aCuE9DViCTJI7bfkjgYDPD1zbNDcINJwSSP6UaBZY9GAbYDO7re0Q=="],

    "@cfworker/json-schema": ["@cfworker/json-schema@4.1.1", "", {}, "sha512-gAmrUZSGtKc3AiBL71iNWxDsyUC5uMaKKGdvzYsBoTW/xi42JQHl7eKV2OYzCUqvc+D2RCcf7EXY2iCyFIk6og=="],

    "@emnapi/runtime": ["@emnapi/runtime@1.11.3", "", { "dependencies": { "tslib": "^2.4.0" } }, "sha512-Xz4Tpyki7XyrpbUK1jR1AhdAdaXyhhY4lZ3neLodmhpuWfy2PAQN5B46sAiU4liOXGLkHypn/qU+jvfWSCYYLA=="],

    "@esbuild/aix-ppc64": ["@esbuild/aix-ppc64@0.28.2", "", { "os": "aix", "cpu": "ppc64" }, "sha512-XExcO+dvLKvVtNTibSTBej1NCAbaGhWn9Ww1ZPx80qsahhPFe/8jgWP0IchNe0F3HwkU7n8ejhH8bjonqht8mQ=="],

    "@esbuild/android-arm": ["@esbuild/android-arm@0.28.2", "", { "os": "android", "cpu": "arm" }, "sha512-kXXoiPVVGQcnIYGOeaovwOURpniDBpSq4A03qkQ+BMQqtGG6HYap3xne9C1O1yo4TR3qxlCX5IqqmX6fFo2Lqg=="],

    "@esbuild/android-arm64": ["@esbuild/android-arm64@0.28.2", "", { "os": "android", "cpu": "arm64" }, "sha512-5YfKeeI8qWfBZIX+u2xZC3Zlb3Os/gLS2sbEKM+I4ZOcsWmHS2WLysCcQZDAFRslDUU5Oiq44gf6PYN1vGwG5A=="],

    "@esbuild/android-x64": ["@esbuild/android-x64@0.28.2", "", { "os": "android", "cpu": "x64" }, "sha512-O387ite7SzUyCcy3JQX4P4bLtEA7bLLkx+esve5JHnyYfNTxcVpXZo9jhdB0lTKN44gztELTdU7nS8Nr16Fs1Q=="],

    "@esbuild/darwin-arm64": ["@esbuild/darwin-arm64@0.28.2", "", { "os": "darwin", "cpu": "arm64" }, "sha512-n4KqkOQrraxHJcgjM1RvwbigfQKIKJVpM7xp+KsxiyUSrRdIXnt73VhrPAx0fV44hgfmIVKjxMN9J1t5jySVkw=="],

    "@esbuild/darwin-x64": ["@esbuild/darwin-x64@0.28.2", "", { "os": "darwin", "cpu": "x64" }, "sha512-uq6suIWYP37qzGddBKPw5QEQPi6HiLGsO7UmkpfyaYNQ3D+rN6w6WfwH+nuqcGXWvawGwxOEroO4YGnFh95azw=="],

    "@esbuild/freebsd-arm64": ["@esbuild/freebsd-arm64@0.28.2", "", { "os": "freebsd", "cpu": "arm64" }, "sha512-n+I0BTSRIoy+d6RPKnEVwql5UwBJolytvY4mAOIEJorKlqgPII8ix6slVVrfZ5Tnj7glIZvloylbB/EJPMWEXw=="],

    "@esbuild/freebsd-x64": ["@esbuild/freebsd-x64@0.28.2", "", { "os": "freebsd", "cpu": "x64" }, "sha512-78XJTJkvPs0kz2w61301PJjXl4g7q3JqiYMZ/M/yVI73EHBrCRTgkhu9oqG7vPqq+a/yadEW8aD+agKlk5xrmg=="],

    "@esbuild/linux-arm": ["@esbuild/linux-arm@0.28.2", "", { "os": "linux", "cpu": "arm" }, "sha512-XlDnu2q5yoqems+xay6wSAcg9DDD7K9RLKZEBOMZm3ckNpJBvOX20tSfby8KfrrhINDyv9V2YVZKY/SpoGJI8w=="],

    "@esbuild/linux-arm64": ["@esbuild/linux-arm64@0.28.2", "", { "os": "linux", "cpu": "arm64" }, "sha512-pW4AC0P3it8c7do9MVM4p51FzHzdM/TZrerurgRcHJ2WTa1VQ1CIq18xncfpBJw4ojkiZZrKW2yIBWBP92j6Ug=="],

    "@esbuild/linux-ia32": ["@esbuild/linux-ia32@0.28.2", "", { "os": "linux", "cpu": "ia32" }, "sha512-CYbnj78HsIeA+DhgUKgFCfvNsTHFhMMrinUrMZpDXJXKN8T3XViTZ/+wtHeVxEWY8ewSzTFN+nRmSwO2tZaLUQ=="],

    "@esbuild/linux-loong64": ["@esbuild/linux-loong64@0.28.2", "", { "os": "linux", "cpu": "none" }, "sha512-buwkd8nsph4R+ajRvw0qM5Hja/TXQow3ptzWO2EbG/cqcIkHloRrdlBtQlshyYGTNFvfkfJ5tpPLVkY4DtsPfQ=="],

    "@esbuild/linux-mips64el": ["@esbuild/linux-mips64el@0.28.2", "", { "os": "linux", "cpu": "none" }, "sha512-ZVykbDyk7519VwiNb9Lcj9m8XM6v5V9uKPvrEMkkEedVewf+0itkhahp4HDpgERXhwLRpWFypsGbG/J8s0QjJA=="],

    "@esbuild/linux-ppc64": ["@esbuild/linux-ppc64@0.28.2", "", { "os": "linux", "cpu": "ppc64" }, "sha512-CAXl+Dtd9UUuJd8pKKdwh6MLm3MUMiqMPmhZ3tTSXPqfyQ3vDl6R5hZdZ/kYojK4ofXtdfSv1tFq8XzWx3heNQ=="],

    "@esbuild/linux-riscv64": ["@esbuild/linux-riscv64@0.28.2", "", { "os": "linux", "cpu": "none" }, "sha512-GeXCej4IQtU1B+QlDV8W/RRvbzI3O/Stss+/bCXv4lZls5WGRtu2a+3JkA3i4qIUlMXpcHebWpF8AkJhATowuA=="],

    "@esbuild/linux-s390x": ["@esbuild/linux-s390x@0.28.2", "", { "os": "linux", "cpu": "s390x" }, "sha512-3H1weTYZPxt/WOhByszQZybS9w5lKzUn1FDMsgEChbHWQwHYQQRfBxgCcZvPhjHfKyJjIievvMmEUawJrdY9Dg=="],

    "@esbuild/linux-x64": ["@esbuild/linux-x64@0.28.2", "", { "os": "linux", "cpu": "x64" }, "sha512-4xTZr1FUmSoQW4XIWmit3tzQrUTZM+N3P0XV8xROKYF50XfI7xeO90+1bZvNwxIufQ9hDQVRJH5YhgPVF8A/HQ=="],

    "@esbuild/netbsd-arm64": ["@esbuild/netbsd-arm64@0.28.2", "", { "os": "none", "cpu": "arm64" }, "sha512-sSATRjPeDBg3pdgHoQfoYBob11Kk1FGa9lui5RIHZCoCkJa9QKlvl3/vKz2usCmYYjs7ymJR/2Nnsqe+Hjt5nw=="],

    "@esbuild/netbsd-x64": ["@esbuild/netbsd-x64@0.28.2", "", { "os": "none", "cpu": "x64" }, "sha512-lqnzCV+mM0gIADaKihiCg6ifgfU2L3h5E33rNQBN1Y4MaVGnzryzmvvf7UHxprpQdE8hpqLolJ9Rl+SkIRDpyw=="],

    "@esbuild/openbsd-arm64": ["@esbuild/openbsd-arm64@0.28.2", "", { "os": "openbsd", "cpu": "arm64" }, "sha512-AL2qJILH7lNjrDmCQDvdxMfAUIv8KMNZOvrwAQ8i8//ntL9FflhOyMJ8OZSMBb8/AWXe3/5v5S20y3zCoZWKoQ=="],

    "@esbuild/openbsd-x64": ["@esbuild/openbsd-x64@0.28.2", "", { "os": "openbsd", "cpu": "x64" }, "sha512-QtiuPytchRyC4rwUKhexJdQKvDuZ6hWloi3igqPQNUJCS1/v9EiO3UTOXR6A3FoMo4fnAKbWJdqaIwhOzh8qEw=="],

    "@esbuild/openharmony-arm64": ["@esbuild/openharmony-arm64@0.28.2", "", { "os": "none", "cpu": "arm64" }, "sha512-WkhYDmpTjLvGlScA1rwjRUmhl4k8oXR3cIbtqWmELgU/dFeHHlEllxDvdWcNJV9rbzCexB5vz8gtNewWLgCT7Q=="],

    "@esbuild/sunos-x64": ["@esbuild/sunos-x64@0.28.2", "", { "os": "sunos", "cpu": "x64" }, "sha512-GPMSkTOtMnv2U2F8gxe4Io6qmVs+YKyp832Etqqxr0hFngmXQ3rzwytelm3GIn7T4VviRUlf3sOgBOiTdvaf7g=="],

    "@esbuild/win32-arm64": ["@esbuild/win32-arm64@0.28.2", "", { "os": "win32", "cpu": "arm64" }, "sha512-PIhhEkE9uPBleRBrQEJpUn7MBnibZzbGzYWPmY3x+YoVg/95zbjB4CxPPOQ8l5tYYM4mMaCthF8/1DIfBQQyWQ=="],

    "@esbuild/win32-ia32": ["@esbuild/win32-ia32@0.28.2", "", { "os": "win32", "cpu": "ia32" }, "sha512-YmJbfTlvU7Sdn9BB+4PRES4oB6pxgS37MAONj+hBr/cpXS1aBPKXxNnDbu+QCWPj0o9dgyxeq79g6c5P8KeuYA=="],

    "@esbuild/win32-x64": ["@esbuild/win32-x64@0.28.2", "", { "os": "win32", "cpu": "x64" }, "sha512-5ebpxr3nWMzrL/rnUI755Jkuee0bHL/Gq0WTF9lvcpv73wAp5eu8MfBUgWK9bhWvZjj7yX8etf/8tI8Ney695g=="],

    "@fastify/busboy": ["@fastify/busboy@2.1.1", "", {}, "sha512-vBZP4NlzfOlerQTnba4aqZoMhE/a9HY7HRqoOPaETQcSQuWEIyZMHGfVu6w9wGtGK5fED5qRs2DteVCjOH60sA=="],

    "@img/colour": ["@img/colour@1.1.0", "", {}, "sha512-Td76q7j57o/tLVdgS746cYARfSyxk8iEfRxewL9h4OMzYhbW4TAcppl0mT4eyqXddh6L/jwoM75mo7ixa/pCeQ=="],

    "@img/sharp-darwin-arm64": ["@img/sharp-darwin-arm64@0.35.3", "", { "optionalDependencies": { "@img/sharp-libvips-darwin-arm64": "1.3.2" }, "os": "darwin", "cpu": "arm64" }, "sha512-RMnFX7YQsMoh7lWfcM4NEHHymBX/rLuKNPVM84XE9ONPcaSCDgE7CHIHpSgPcO2xcRthgBy1HfNO319mwhIAkg=="],

    "@img/sharp-darwin-x64": ["@img/sharp-darwin-x64@0.35.3", "", { "optionalDependencies": { "@img/sharp-libvips-darwin-x64": "1.3.2" }, "os": "darwin", "cpu": "x64" }, "sha512-Xo+5uFBtLN0BKqieTxiFzFPQAUlBbbH5iBKyRX/z1JrbnYsHTfKJnUfL8+p2TPXr1pXqao4eeL4Rl144uDpK9w=="],

    "@img/sharp-freebsd-wasm32": ["@img/sharp-freebsd-wasm32@0.35.3", "", { "dependencies": { "@img/sharp-wasm32": "0.35.3" }, "os": "freebsd" }, "sha512-lUxcqWIj2wMQ9BrwNjngcr1gWUr5xgaGThBRqPPalIC2n67Cqj1uPh8NnA/ZhAg8hUbKl+kVHKwgUIwe6ZYPrg=="],

    "@img/sharp-libvips-darwin-arm64": ["@img/sharp-libvips-darwin-arm64@1.3.2", "", { "os": "darwin", "cpu": "arm64" }, "sha512-9J6ypZFpQBj4YnePGoq/S38w6nz+vqg5WZLrLGY4YuSemdMq47GMLBPO42MzwdGwpg/agZ7xzZcFHa48xlywfg=="],

    "@img/sharp-libvips-darwin-x64": ["@img/sharp-libvips-darwin-x64@1.3.2", "", { "os": "darwin", "cpu": "x64" }, "sha512-m2pW1n6cns9VaubNwsZ+c3CRYjxNQWgJ5gPlnL1nbBcpkBvFm6SCFN5o0psFHI8w9n11NKhFkeEDns98tiqbEw=="],

    "@img/sharp-libvips-linux-arm": ["@img/sharp-libvips-linux-arm@1.3.2", "", { "os": "linux", "cpu": "arm" }, "sha512-1eMLzy92I4J6rmi4mAT8yC3HxOtniyGELlzGbNMLLeqe052ahFQ0h6LFq+lh5DsDIdYViIDst08abvSbcEdLXQ=="],

    "@img/sharp-libvips-linux-arm64": ["@img/sharp-libvips-linux-arm64@1.3.2", "", { "os": "linux", "cpu": "arm64" }, "sha512-dqVSFynCox4C/J8kT16V7SIFAns0IjgLwkvYT7p8LQVmJ5OS5b6tI9IGflxTeuBS//zXeFIUbwt5dwxyZ17cnA=="],

    "@img/sharp-libvips-linux-ppc64": ["@img/sharp-libvips-linux-ppc64@1.3.2", "", { "os": "linux", "cpu": "ppc64" }, "sha512-3z0NHDxD6n5I9gc05U1eW1AyRm+Gznzq3naMrthPNqE6oYykcogW0l/jfpJdjYnuNl8R7yI9pNbE1XiUeyq0Aw=="],

    "@img/sharp-libvips-linux-riscv64": ["@img/sharp-libvips-linux-riscv64@1.3.2", "", { "os": "linux", "cpu": "none" }, "sha512-bsb4rI+NldGOsXuej2r8OdSS8+zXDVaCWxyWrcv6kneTOlgAHtZABRzBBCwdsPiD90J4myNJuHpg6kA20ImW/w=="],

    "@img/sharp-libvips-linux-s390x": ["@img/sharp-libvips-linux-s390x@1.3.2", "", { "os": "linux", "cpu": "s390x" }, "sha512-/ABshyj8gCpyIrNXnHn4LorDJ0HHm1VhXPBlxZ8zAtfVPAaSafXPGn+sUSIRiwaSBy0mmFjSjiXI5mkcwdChKQ=="],

    "@img/sharp-libvips-linux-x64": ["@img/sharp-libvips-linux-x64@1.3.2", "", { "os": "linux", "cpu": "x64" }, "sha512-ITPEtgffGJ0S6G9dRyw/366tJQqFRcHWPHhC+Stpg3Z8AEMrDrTr2lhdz4f/Y/HMbRh//7Z5mBzEpVdi62Oc3w=="],

    "@img/sharp-libvips-linuxmusl-arm64": ["@img/sharp-libvips-linuxmusl-arm64@1.3.2", "", { "os": "linux", "cpu": "arm64" }, "sha512-zE9EdiUzUmg5mDT5a1rk5fYJ6GWPloTwWBYDS14naqHsL+EaMpDj1AWnpLgh3u0YCORv2Tt50wrcrpYqkP97Kw=="],

    "@img/sharp-libvips-linuxmusl-x64": ["@img/sharp-libvips-linuxmusl-x64@1.3.2", "", { "os": "linux", "cpu": "x64" }, "sha512-m0lrLiUt+lBYnCFr8qV/65yMR4E/c7/wf78I5eKTdkEakFAlZ9QlzEM3QIhhAwVeUhLAHLcCq7a7Vszq/oFNZQ=="],

    "@img/sharp-linux-arm": ["@img/sharp-linux-arm@0.35.3", "", { "optionalDependencies": { "@img/sharp-libvips-linux-arm": "1.3.2" }, "os": "linux", "cpu": "arm" }, "sha512-affVWCTLooy8TSxbDx2qkzuDeaWLNVBA+P//FNBirHsXpP2fuBhk5AuboYUnrDnzoXes8GFjpTx0SBFOCRg+FA=="],

    "@img/sharp-linux-arm64": ["@img/sharp-linux-arm64@0.35.3", "", { "optionalDependencies": { "@img/sharp-libvips-linux-arm64": "1.3.2" }, "os": "linux", "cpu": "arm64" }, "sha512-QgKDspHPnrU+GQ55XPhGwyhC8acLVOOSyAvo1oVfFmrIXLkDNmGWzAfDZ4xK8oSA1qBQrALcHX0G5UZni/SuFQ=="],

    "@img/sharp-linux-ppc64": ["@img/sharp-linux-ppc64@0.35.3", "", { "optionalDependencies": { "@img/sharp-libvips-linux-ppc64": "1.3.2" }, "os": "linux", "cpu": "ppc64" }, "sha512-sMd8rDxmpLOwv/7N44klFjOD5DUO7FLdjiXDI0hoxYaf7Ar262dQIEkosE98bps+5HPLtp/EvNqeqQtOycP/IA=="],

    "@img/sharp-linux-riscv64": ["@img/sharp-linux-riscv64@0.35.3", "", { "optionalDependencies": { "@img/sharp-libvips-linux-riscv64": "1.3.2" }, "os": "linux", "cpu": "none" }, "sha512-0Eob78yjlYPfL5vMNWAW55l3R9Y6BQS/gOfe0ZcP9mEz9ohhKSt4im1hayiknXgf8AWrFqMvJcKIdmLmEe7yeQ=="],

    "@img/sharp-linux-s390x": ["@img/sharp-linux-s390x@0.35.3", "", { "optionalDependencies": { "@img/sharp-libvips-linux-s390x": "1.3.2" }, "os": "linux", "cpu": "s390x" }, "sha512-KgAxQ0DxpNOq1rG2t5cgTgShJFGSuU7XO45cqC+1NVOuZnP6tlgZRuSYOfNupGkHID0o3cJOsw4DVeJpMovcGw=="],

    "@img/sharp-linux-x64": ["@img/sharp-linux-x64@0.35.3", "", { "optionalDependencies": { "@img/sharp-libvips-linux-x64": "1.3.2" }, "os": "linux", "cpu": "x64" }, "sha512-8pqvxubL2PGdhlPy6GLqzDYMUjyRmKAwKHYKixpdJYBUK7PJ0C029XdsnpFIdgRZG68fZiGdHVWcKPvtiPB4cA=="],

    "@img/sharp-linuxmusl-arm64": ["@img/sharp-linuxmusl-arm64@0.35.3", "", { "optionalDependencies": { "@img/sharp-libvips-linuxmusl-arm64": "1.3.2" }, "os": "linux", "cpu": "arm64" }, "sha512-Vz0iQjzzcSX3HCbfwFfCSG/9SCIqyO0mH2sXyiHaAYfBk0cRsCWXRyQYX0ovCK/PAQBbTzQ0dsPQHh5MAFL59w=="],

    "@img/sharp-linuxmusl-x64": ["@img/sharp-linuxmusl-x64@0.35.3", "", { "optionalDependencies": { "@img/sharp-libvips-linuxmusl-x64": "1.3.2" }, "os": "linux", "cpu": "x64" }, "sha512-6O1NPKcDVj9QEdg7Hx549EX8U0rp6yXQERqru6yRN7fGBn32UvIRJUlWnk+8xDCiG76hXVBbX82NZ/ZKr0euIg=="],

    "@img/sharp-wasm32": ["@img/sharp-wasm32@0.35.3", "", { "dependencies": { "@emnapi/runtime": "^1.11.1" } }, "sha512-cZ0XkcYGpHZkqW6iCkqTcmUC0CD9DhD5d/qeZlZkfRBn6GnHniZXLUo5+9xw8Iv76YE6LQFN9YNBlKREcCG76w=="],

    "@img/sharp-webcontainers-wasm32": ["@img/sharp-webcontainers-wasm32@0.35.3", "", { "dependencies": { "@img/sharp-wasm32": "0.35.3" }, "cpu": "none" }, "sha512-2rnq7bX3NzeR2T4YWgz8qiG4h3TSdMe+vN1iQXpJleSJ3SM5zQ8Fy2SyyXAWlbxpEZ2Y+Z4u1BePgJEYbSy80Q=="],

    "@img/sharp-win32-arm64": ["@img/sharp-win32-arm64@0.35.3", "", { "os": "win32", "cpu": "arm64" }, "sha512-4bPwFdMbeC4JQ8L8LOyWp6nsHcboP5fxkp6iPOXz2Vg49R42TuMs2whkJ5OAP4/Ul035qOzy0AecOF9VOscn4w=="],

    "@img/sharp-win32-ia32": ["@img/sharp-win32-ia32@0.35.3", "", { "os": "win32", "cpu": "ia32" }, "sha512-r53mXsBN6lFUDiST764SvgwUdHAqM4rPAiDzAmf4fLoB6X/rkfyTrLCg6+g17wJJiCmB3JYgHuUldCWUIRFSXw=="],

    "@img/sharp-win32-x64": ["@img/sharp-win32-x64@0.35.3", "", { "os": "win32", "cpu": "x64" }, "sha512-D4y1vNeZrIIJCN+uHaWVtH86B+aCrdMYYjicy9pXHvbGZeGYLLSd3wdVuC37FxVXlU1ARsk84eKWfWMXGYEqvA=="],

    "@janux/agent": ["@janux/agent@0.7.0", "", { "dependencies": { "@aralroca/gui-agent": "^0.5.0", "@janux/server": "0.7.0", "ai": "^6.0.0", "janux": "0.7.0" }, "peerDependencies": { "@browser-ai/transformers-js": ">=2.2.0", "@huggingface/transformers": ">=3.7.0", "ioredis": ">=5", "pg": ">=8" }, "optionalPeers": ["@browser-ai/transformers-js", "@huggingface/transformers", "ioredis", "pg"] }, "sha512-MgdUUPq+lofYs8Jgq5Dwd/fYhTwYju25z3R1OM21X4Duo1aAH96Iiv5i8IZEDPR7PXjVDUVqqtUbzJSTij9phA=="],

    "@janux/cli": ["@janux/cli@0.7.0", "", { "dependencies": { "@janux/agent": "0.7.0", "@janux/server": "0.7.0", "@janux/vite": "0.7.0", "janux": "0.7.0", "vite": "^7.3.0" }, "bin": { "janux": "dist/bin.js" } }, "sha512-t/V7dXNDu5bV7ku0+SFdTznpwBPthmNCn94iGeBNOOQMxQPGMs9QHsWga1trsS+evBFeF0XIxO2lLqxYOXYD/Q=="],

    "@janux/server": ["@janux/server@0.7.0", "", { "dependencies": { "janux": "0.7.0", "web-bot-auth": "^0.1.3", "yaml": "^2.6.0" } }, "sha512-Il5uZiMyluw89rnz0t6CKUBQDk6ytmPvn5bI4OaWdwziyqSYYZN7ZMdVvDfRUf4NRkElgksc6URf1jTRgN1xgw=="],

    "@janux/vercel": ["@janux/vercel@0.7.0", "", { "dependencies": { "@janux/agent": "0.7.0", "@janux/cli": "0.7.0", "@janux/server": "0.7.0", "@janux/vite": "0.7.0" }, "bin": { "janux-vercel": "dist/bin.js" } }, "sha512-ozcdrX3Tkion6JqvhnwY0uohJlYfAIqk+AGHSFZkGeITSfMoe8+BJAWP4y9mBWLGdOTaEYrUaWbfXClQUcXheg=="],

    "@janux/vite": ["@janux/vite@0.7.0", "", { "dependencies": { "@capsizecss/metrics": "^3", "@capsizecss/unpack": "^2", "@janux/agent": "0.7.0", "@janux/server": "0.7.0", "@swc/core": "^1.9.0", "janux": "0.7.0", "sharp": "^0.35.0" }, "peerDependencies": { "vite": ">=5" } }, "sha512-hieB4xEKao1fMGISEa6vUvTUd7sstuyxym6fjq9Nr2qHGr5RmYk2cgT5067feHzcaus0mY/KoBWfES1Y+k04gg=="],

    "@mcp-b/webmcp-polyfill": ["@mcp-b/webmcp-polyfill@3.0.0", "", { "dependencies": { "@cfworker/json-schema": "^4.1.1", "@mcp-b/webmcp-types": "3.0.0", "@standard-schema/spec": "^1.1.0" } }, "sha512-TCrCOZCTfRWrTp8MpWU8EO4U7r7IvDDaIYW9Ej0aBD2KVR2hvwr4t3T7kPkSYssGhpIZJrq19owSzN1vZabW+A=="],

    "@mcp-b/webmcp-types": ["@mcp-b/webmcp-types@3.0.0", "", {}, "sha512-MmKHNAtlyZoK5khz5GnmgEj/ehk5esoUbgOaFndrlZvpjq3ppmIY3BDrwCv6xaihuuIMOoLLDlf0E65wUd4q7A=="],

    "@napi-rs/lzma-linux-x64-gnu": ["@napi-rs/lzma-linux-x64-gnu@1.5.1", "", { "os": "linux", "cpu": "x64" }, "sha512-oTXEIha4SsuXdTA4Iyskj0kpdx2yVXdhd75c2v3xGrHFfVMsbhTPZU/nMPL4sWKo4pBHm3aucLaqGlF696dTyQ=="],

    "@opentelemetry/api": ["@opentelemetry/api@1.9.1", "", {}, "sha512-gLyJlPHPZYdAk1JENA9LeHejZe1Ti77/pTeFm/nMXmQH/HFZlcS/O2XJB+L8fkbrNSqhdtlvjBVjxwUYanNH5Q=="],

    "@rollup/rollup-android-arm-eabi": ["@rollup/rollup-android-arm-eabi@4.62.4", "", { "os": "android", "cpu": "arm" }, "sha512-RrPokAb7dmbxFoeO3TloqHyOjgye8RkBhSqmp4aJMIex4c9r46ZstPnleDQOq1t46VOVjwIuwNogIqbodV1Vvg=="],

    "@rollup/rollup-android-arm64": ["@rollup/rollup-android-arm64@4.62.4", "", { "os": "android", "cpu": "arm64" }, "sha512-JKuJc+pnpks2pjy7L/N3v/cAkZxYlnmuZoD840ldbMI5KDbC4iO9NKwPKYdjYFCMAIIlBzYSFHxIJVYzRo2/8A=="],

    "@rollup/rollup-darwin-arm64": ["@rollup/rollup-darwin-arm64@4.62.4", "", { "os": "darwin", "cpu": "arm64" }, "sha512-krw5uS2STmvJ02x0uTXHbqQNuz+9eZ1iw+qXk9dmW2gvV4jV7O2hEoOnuhFrpOPiel1mBFtqbxYZZtC46hXLOw=="],

    "@rollup/rollup-darwin-x64": ["@rollup/rollup-darwin-x64@4.62.4", "", { "os": "darwin", "cpu": "x64" }, "sha512-wsTxtgApb4PrOsNJIm0FZ1h3WvCC+k9uxLJ4ad75hgoS4NiRes2SoJFlDAyMwiUY8IssDqGcHbXuN0sx1tfF1A=="],

    "@rollup/rollup-freebsd-arm64": ["@rollup/rollup-freebsd-arm64@4.62.4", "", { "os": "freebsd", "cpu": "arm64" }, "sha512-GUOnQlyZe3yAXhWOtOMsn5Qkrv5E5mZXa0thbARWi5Ei2szlVXJFQhddZ4HbAzh8q92w5twp+CQvs/eFanz9YQ=="],

    "@rollup/rollup-freebsd-x64": ["@rollup/rollup-freebsd-x64@4.62.4", "", { "os": "freebsd", "cpu": "x64" }, "sha512-/Y7f3QuxjzPKsjA/rfEDa3+0vXqyjmJ50Ln8dPpCmWkKTrUoWHG1cWhTqaAMLob2m2nESWuC7yGrREz019Ztqg=="],

    "@rollup/rollup-linux-arm-gnueabihf": ["@rollup/rollup-linux-arm-gnueabihf@4.62.4", "", { "os": "linux", "cpu": "arm" }, "sha512-81wiiX3v7aqy+T+bT61TJ78yJjRquqFFTTbAPt08imfQQzkPIW8t6aJbkTagtCCrXMNc9D66+geqlK7ydLPNqA=="],

    "@rollup/rollup-linux-arm-musleabihf": ["@rollup/rollup-linux-arm-musleabihf@4.62.4", "", { "os": "linux", "cpu": "arm" }, "sha512-9kmDIvNZqdoHOBZgNtpTBeLWYO/LVipM3H/j62P8848/l/VPEQL6N3uxU9pvP1oZAsXyC2MEnFP3ovRjo7WYNQ=="],

    "@rollup/rollup-linux-arm64-gnu": ["@rollup/rollup-linux-arm64-gnu@4.62.4", "", { "os": "linux", "cpu": "arm64" }, "sha512-CcnXHWnXg69g+DX5VWL3FHts3qMRN2uVEHX+BZvGLdd07/gXkn3ePjYtO1LDJvxkGKVHMclKBRa1QUTH+6toYQ=="],

    "@rollup/rollup-linux-arm64-musl": ["@rollup/rollup-linux-arm64-musl@4.62.4", "", { "os": "linux", "cpu": "arm64" }, "sha512-iFOibiHnTRuhrWLlRsOQFdZJJIa7S8OwkneJr4ocALP16u5yk6lWLINFwhHaEqBFMsKDUZofLkGos7+CPzGB3g=="],

    "@rollup/rollup-linux-loong64-gnu": ["@rollup/rollup-linux-loong64-gnu@4.62.4", "", { "os": "linux", "cpu": "none" }, "sha512-XnWYMI7euHlb5a871xPja+Gm7DRCFU+FGRrtS2sMq9N8FvqtpagUy6gD4YOemC5MRk9xbh8+jYMEJbigFQwsgA=="],

    "@rollup/rollup-linux-loong64-musl": ["@rollup/rollup-linux-loong64-musl@4.62.4", "", { "os": "linux", "cpu": "none" }, "sha512-qGDAlO0U8xedCcsdRm9oaoQY8DAx/QT7uIxJWhCdx0ceIWX783UC9QSYkdpzAe29wNiVfp24+bZdQmn49o45SQ=="],

    "@rollup/rollup-linux-ppc64-gnu": ["@rollup/rollup-linux-ppc64-gnu@4.62.4", "", { "os": "linux", "cpu": "ppc64" }, "sha512-ru4H6ezD7ysA5EiEK6qkkaEb4modH8CTej6kUy/gQi20u3kB3G7Zn8snXXkeJSCOFKG/rbPPtM/+9Wgas1961w=="],

    "@rollup/rollup-linux-ppc64-musl": ["@rollup/rollup-linux-ppc64-musl@4.62.4", "", { "os": "linux", "cpu": "ppc64" }, "sha512-2W4MO5WQVJnbJaZdvDb9rhBDuFU1nKIepPFpJUBsTh2k1YY2g+ODViaWuyOAjQ5cOP7NvrvLzt3wvHOoiAvc7w=="],

    "@rollup/rollup-linux-riscv64-gnu": ["@rollup/rollup-linux-riscv64-gnu@4.62.4", "", { "os": "linux", "cpu": "none" }, "sha512-+fxjfuoAmVMCYV5QyjoIpu0cp5DOiOTeqYFk1AVaxGr+/ravWLX89XfQmptsoWcaVy/TGf2hexzbUOrCQIL1CQ=="],

    "@rollup/rollup-linux-riscv64-musl": ["@rollup/rollup-linux-riscv64-musl@4.62.4", "", { "os": "linux", "cpu": "none" }, "sha512-jTn8JfHGL4djjFxPuM06LmNUJDsst2jeVlsd9OmIH6zc5sC9K6rIuO4YajXatLUpBmBKl6b35ro1QZocLi+tcA=="],

    "@rollup/rollup-linux-s390x-gnu": ["@rollup/rollup-linux-s390x-gnu@4.62.4", "", { "os": "linux", "cpu": "s390x" }, "sha512-oCJCJL4pXsoDcP2QZ+JVlPTIRc6266zsIaeJJsWImmF7HO0W8nb6HuSgZlMWxJwaPf8ehbSw8yo0EUw925hKsA=="],

    "@rollup/rollup-linux-x64-gnu": ["@rollup/rollup-linux-x64-gnu@4.62.4", "", { "os": "linux", "cpu": "x64" }, "sha512-W69hukhZ3KKNRCaMIEzKvcFye42hh0FE1+YoYaf5+Ikacuftoco6yO/xouz0hc5d5W/s3yBro5jRiuEE/Q5vUw=="],

    "@rollup/rollup-linux-x64-musl": ["@rollup/rollup-linux-x64-musl@4.62.4", "", { "os": "linux", "cpu": "x64" }, "sha512-qiXbGG2jkjXhzXpsFZSR2Xpb8DN/UaxYsbb/STbuR/6fpaDgRmmaq1B/LmtF2wQFOFOSsK2jdE0RZ3a0zHn4QA=="],

    "@rollup/rollup-openbsd-x64": ["@rollup/rollup-openbsd-x64@4.62.4", "", { "os": "openbsd", "cpu": "x64" }, "sha512-nWeM//hxv8mIo6jD7Hu4o48DVmV9pbV6gsKaWU+4NFyqHoPKwrkRiZGLKUhOBk8qNmDmpwFtPKg80Bo/Tn4xiQ=="],

    "@rollup/rollup-openharmony-arm64": ["@rollup/rollup-openharmony-arm64@4.62.4", "", { "os": "none", "cpu": "arm64" }, "sha512-s62SQ/vgsRSvMwDkOEfTqfgASF0f26ZNaQuTA6Aok5lrikf89yI2W0gFHvZb2Jpgc6N8JnOKZgCK2iciO3CsxQ=="],

    "@rollup/rollup-win32-arm64-msvc": ["@rollup/rollup-win32-arm64-msvc@4.62.4", "", { "os": "win32", "cpu": "arm64" }, "sha512-J6wGf8TVGbXJq+HH+ttTvrcfNKPbuZecV6KT1B8I18BC5IURUh5kl4Yl5OEP5eFIUoI5BWxCsyYMhFsDx8kekw=="],

    "@rollup/rollup-win32-ia32-msvc": ["@rollup/rollup-win32-ia32-msvc@4.62.4", "", { "os": "win32", "cpu": "ia32" }, "sha512-zmfrQd/0wu6oJs8Vq8KwY/YtsKSsLtKe/HwAP4Wqy8LhWjeT55fHRAkOhYQ12wI3ayS4Tt12d5CDRD7N96SAYQ=="],

    "@rollup/rollup-win32-x64-gnu": ["@rollup/rollup-win32-x64-gnu@4.62.4", "", { "os": "win32", "cpu": "x64" }, "sha512-qPzHqdj9rfUD+w79dtE07zi/kFwKyCJqplp5K5ygeLTp7jLpAoc16OAH39HSmRC9UpozaecsleI8uAdEj6v2yw=="],

    "@rollup/rollup-win32-x64-msvc": ["@rollup/rollup-win32-x64-msvc@4.62.4", "", { "os": "win32", "cpu": "x64" }, "sha512-zD6NdeWEByGE9QF9vCrlJ5YQB4oq9q91kPZS37Jwj5hOkvR1lTBSpsKhKDw4IJtbQ35LsTS1HD9DZYGKIshU1Q=="],

    "@standard-schema/spec": ["@standard-schema/spec@1.1.0", "", {}, "sha512-l2aFy5jALhniG5HgqrD6jXLi/rUWrKvqN/qJx6yoJsgKhblVd+iqqU4RCXavm/jPityDo5TCvKMnpjKnOriy0w=="],

    "@swc/core": ["@swc/core@1.15.47", "", { "dependencies": { "@swc/counter": "^0.1.3", "@swc/types": "^0.1.27" }, "optionalDependencies": { "@swc/core-darwin-arm64": "1.15.47", "@swc/core-darwin-x64": "1.15.47", "@swc/core-linux-arm-gnueabihf": "1.15.47", "@swc/core-linux-arm64-gnu": "1.15.47", "@swc/core-linux-arm64-musl": "1.15.47", "@swc/core-linux-ppc64-gnu": "1.15.47", "@swc/core-linux-s390x-gnu": "1.15.47", "@swc/core-linux-x64-gnu": "1.15.47", "@swc/core-linux-x64-musl": "1.15.47", "@swc/core-win32-arm64-msvc": "1.15.47", "@swc/core-win32-ia32-msvc": "1.15.47", "@swc/core-win32-x64-msvc": "1.15.47" }, "peerDependencies": { "@swc/helpers": ">=0.5.17" }, "optionalPeers": ["@swc/helpers"] }, "sha512-FbsO5JcfOjfH38W/rohBRBweJeERsAuIP4f377lmkmxTcq9exjtx4SkRuZY5CdfhR2CBVwDIJegBpJDffwNsOg=="],

    "@swc/core-darwin-arm64": ["@swc/core-darwin-arm64@1.15.47", "", { "os": "darwin", "cpu": "arm64" }, "sha512-GsoMtan3ojGGMGFbl31mmRu5ctZ56re8grGE8mO/OHJ8O+JRkzod02fe7X6ZQ8JvamA3imkEkx/h3u+vsOgPgA=="],

    "@swc/core-darwin-x64": ["@swc/core-darwin-x64@1.15.47", "", { "os": "darwin", "cpu": "x64" }, "sha512-leTi7Rx3KF4zcC637iqWgk9SoV8VXAD8ppQYXsep63px5A/UftOcxLN1pmr8Z1si/YvX90ompP/rHgpYkgwXWg=="],

    "@swc/core-linux-arm-gnueabihf": ["@swc/core-linux-arm-gnueabihf@1.15.47", "", { "os": "linux", "cpu": "arm" }, "sha512-hBqHuoWKKIsKmDBn9qVeWqj5GWZhtlcczVaqQmNRXsDfq+voR5CxKRfamA367QjJXtceYuliLFfEL8QsskRM2g=="],

    "@swc/core-linux-arm64-gnu": ["@swc/core-linux-arm64-gnu@1.15.47", "", { "os": "linux", "cpu": "arm64" }, "sha512-TBxvRz+B4K205TWHHZxWVxkC2RFNP/Mz3PNcECBos5PsKwxjg3QSJzdoebr0VCf0Bfh8HOPldKxAP/8XkFe9gA=="],

    "@swc/core-linux-arm64-musl": ["@swc/core-linux-arm64-musl@1.15.47", "", { "os": "linux", "cpu": "arm64" }, "sha512-3Yu3Uq/VgytqsPjTMbkPU1ExADytbdWbruJYhA584E9jrpE2Ki+R6VVPoZCeAVk1Cb7QxcRTgblw6bSa6a/R+w=="],

    "@swc/core-linux-ppc64-gnu": ["@swc/core-linux-ppc64-gnu@1.15.47", "", { "os": "linux", "cpu": "ppc64" }, "sha512-wfdMi5IaOaNtmh2/6geRoxIdNfqylUZFdtzTKS655y1axWfIWyx7As74vv0wVdjeCIZ3WmCI9odDd4rUttXOSQ=="],

    "@swc/core-linux-s390x-gnu": ["@swc/core-linux-s390x-gnu@1.15.47", "", { "os": "linux", "cpu": "s390x" }, "sha512-3hHYBY0yx8Ez7GMRrkhXHQzMdR5IZA6Wq5Ee4svlgwvSECLpnAJ9+0AimEGUFDvuLwE7nV/2+PYe8+Nm4rvNcQ=="],

    "@swc/core-linux-x64-gnu": ["@swc/core-linux-x64-gnu@1.15.47", "", { "os": "linux", "cpu": "x64" }, "sha512-TjfhjgP/jGCfFHYC3JQPhJA1HwErbIJ9JfREDc1KNkvY6P0LodCgKVIlQ5deeTbkG7ih3bF5PHJLuLpaZjdRyQ=="],

    "@swc/core-linux-x64-musl": ["@swc/core-linux-x64-musl@1.15.47", "", { "os": "linux", "cpu": "x64" }, "sha512-CQpS8Ge/avfjZd0UEwG/sds83Uu32deQXcV1Jo3jD0mmvQQqtYAjpsDZXugmheeAwmt+YIuoVtVHro8LMYHqsQ=="],

    "@swc/core-win32-arm64-msvc": ["@swc/core-win32-arm64-msvc@1.15.47", "", { "os": "win32", "cpu": "arm64" }, "sha512-0W8IKHsUTYiT7G2RqtOoVWk+89yzZikIiDUb/sCK6BmQDBhN91hQSfyUtW12jhEWLzYgcfmisfsZrmZE+84U1A=="],

    "@swc/core-win32-ia32-msvc": ["@swc/core-win32-ia32-msvc@1.15.47", "", { "os": "win32", "cpu": "ia32" }, "sha512-ZIp49d2Z4/ka2jO9otOg4hDvTdPmp86kVOgS2M5FCPI7eKKZ1W0boxWn+8XeZrfERtFGW0AlMRm4JhlJa7l3NA=="],

    "@swc/core-win32-x64-msvc": ["@swc/core-win32-x64-msvc@1.15.47", "", { "os": "win32", "cpu": "x64" }, "sha512-2h8Iek95vnixkBRCo+H8p09+Q5ll2NgSMFrWTy0iKt7+/t+8/T5mBpiT6c0ZxSS7wcWjwZ9sGZkK70tTSYHdDw=="],

    "@swc/counter": ["@swc/counter@0.1.3", "", {}, "sha512-e2BR4lsJkkRlKZ/qCHPw9ZaSxc0MVUd7gtbtaB7aMvHeJVYe8sOB8DBZkP2DtISHGSku9sCK6T6cnY0CtXrOCQ=="],

    "@swc/helpers": ["@swc/helpers@0.5.23", "", { "dependencies": { "tslib": "^2.8.0" } }, "sha512-5lSsMOTXURePglDfvuAQUqkGek9Hg2kksOYay2m0+XR++b2NWYL/4sWyuvVBIs8oKnJaxkdi9whaL/sqN13afw=="],

    "@swc/types": ["@swc/types@0.1.28", "", { "dependencies": { "@swc/counter": "^0.1.3" } }, "sha512-V6Mnml8v09QALx6K0elJ7o9K/MkVDtW3t6L+7Ou/JcWtb3xwId2AH4FeOceySd2JaO87IMw4+6vSZxLm34LPbw=="],

    "@types/bun": ["@types/bun@1.2.20", "", { "dependencies": { "bun-types": "1.2.20" } }, "sha512-dX3RGzQ8+KgmMw7CsW4xT5ITBSCrSbfHc36SNT31EOUg/LA9JWq0VDdEXDRSe1InVWpd2yLUM1FUF/kEOyTzYA=="],

    "@types/estree": ["@types/estree@1.0.9", "", {}, "sha512-GhdPgy1el4/ImP05X05Uw4cw2/M93BCUmnEvWZNStlCzEKME4Fkk+YpoA5OiHNQmoS7Cafb8Xa3Pya8m1Qrzeg=="],

    "@types/node": ["@types/node@26.2.0", "", { "dependencies": { "undici-types": "~8.3.0" } }, "sha512-5IviulTZeRNp2vAJ514cc/HUlY5nZ9fCbq9DMyC52BrhFZACo3nI0R7qBxhQmo/d27NFe96ur/b7Wwxklda+kg=="],

    "@types/react": ["@types/react@19.2.18", "", { "dependencies": { "csstype": "^3.2.2" } }, "sha512-AnzbBERsrLKtk2XSfTbYRLjQPdy116Sty4q+T+Bp3IC4l6jNBvreVPAHmpq9qhXQM7CXZPjLVmGMw9sy+hxQ3w=="],

    "@vercel/oidc": ["@vercel/oidc@3.2.0", "", {}, "sha512-UycprH3T6n3jH0k44NHMa7pnFHGu/N05MjojYr+Mc6I7obkoLIJujSWwin1pCvdy/eOxrI/l3uDLQsmcrOb4ug=="],

    "ai": ["ai@6.0.248", "", { "dependencies": { "@ai-sdk/gateway": "3.0.168", "@ai-sdk/provider": "3.0.15", "@ai-sdk/provider-utils": "4.0.44", "@opentelemetry/api": "^1.9.0" }, "peerDependencies": { "zod": "^3.25.76 || ^4.1.8" } }, "sha512-2SttUbO8yIPuCrFC4Zj/WEdGxyoPUkFdX5gbAsB0CA8RJJw2ioDIiCNpwtSlohsFRgelhH5UxgIQ2wIesvoVGw=="],

    "argparse": ["argparse@1.0.10", "", { "dependencies": { "sprintf-js": "~1.0.2" } }, "sha512-o5Roy6tNG4SL/FOkCAN6RzjiakZS25RLYFrcMttJqbdd8BWrnA+fGz57iN5Pb06pvBGvl5gQ0B48dJlslXvoTg=="],

    "base64-js": ["base64-js@1.5.1", "", {}, "sha512-AKpaYlHn8t4SVbOHCy+b5+KKgvR4vrsD8vbvrbiQJps7fKDTkjkDry6ji0rUJjC0kzbNePLwzxq8iypo41qeWA=="],

    "blob-to-buffer": ["blob-to-buffer@1.2.9", "", {}, "sha512-BF033y5fN6OCofD3vgHmNtwZWRcq9NLyyxyILx9hfMy1sXYy4ojFl765hJ2lP0YaN2fuxPaLO2Vzzoxy0FLFFA=="],

    "brotli": ["brotli@1.3.3", "", { "dependencies": { "base64-js": "^1.1.2" } }, "sha512-oTKjJdShmDuGW94SyyaoQvAjf30dZaHnjJ8uAF+u2/vGJkJbJPJAT1gDiOJP5v1Zb6f9KEyW/1HpuaWIXtGHPg=="],

    "bun-types": ["bun-types@1.2.20", "", { "dependencies": { "@types/node": "*" }, "peerDependencies": { "@types/react": "^19" } }, "sha512-pxTnQYOrKvdOwyiyd/7sMt9yFOenN004Y6O4lCcCUoKVej48FS5cvTw9geRaEcB9TsDZaJKAxPTVvi8tFsVuXA=="],

    "clone": ["clone@2.1.2", "", {}, "sha512-3Pe/CF1Nn94hyhIYpjtiLhdCoEoz0DqQ+988E9gmeEdQZlojxnOb74wctFyuwWQHzqyf9X7C7MG8juUpqBJT8w=="],

    "cross-fetch": ["cross-fetch@3.2.0", "", { "dependencies": { "node-fetch": "^2.7.0" } }, "sha512-Q+xVJLoGOeIMXZmbUK4HYk+69cQH6LudR0Vu/pRm2YlU/hDV9CiS0gKUMaWY5f2NeUH9C1nV3bsTlCo0FsTV1Q=="],

    "csstype": ["csstype@3.2.3", "", {}, "sha512-z1HGKcYy2xA8AGQfwrn0PAy+PB7X/GSj3UVJW9qKyn43xWa+gl5nXmU4qqLMRzWVLFC8KusUX8T/0kCiOYpAIQ=="],

    "detect-libc": ["detect-libc@2.1.2", "", {}, "sha512-Btj2BOOO83o3WyH59e8MgXsxEQVcarkUOpEYrubB0urwnN10yQ364rsiByU11nZlqWYZm05i/of7io4mzihBtQ=="],

    "dfa": ["dfa@1.2.0", "", {}, "sha512-ED3jP8saaweFTjeGX8HQPjeC1YYyZs98jGNZx6IiBvxW7JG5v492kamAQB3m2wop07CvU/RQmzcKr6bgcC5D/Q=="],

    "diff-dom-streaming": ["diff-dom-streaming@0.6.11", "", {}, "sha512-18m400LgSZVgXD9GsvMuMGVUaiCojhvrY4l5lqwu2GFOFZ2Y5LWhQ/ZmeNh4Gr0RIGiJOWMmysPCrm3m3r0WtA=="],

    "esbuild": ["esbuild@0.28.2", "", { "optionalDependencies": { "@esbuild/aix-ppc64": "0.28.2", "@esbuild/android-arm": "0.28.2", "@esbuild/android-arm64": "0.28.2", "@esbuild/android-x64": "0.28.2", "@esbuild/darwin-arm64": "0.28.2", "@esbuild/darwin-x64": "0.28.2", "@esbuild/freebsd-arm64": "0.28.2", "@esbuild/freebsd-x64": "0.28.2", "@esbuild/linux-arm": "0.28.2", "@esbuild/linux-arm64": "0.28.2", "@esbuild/linux-ia32": "0.28.2", "@esbuild/linux-loong64": "0.28.2", "@esbuild/linux-mips64el": "0.28.2", "@esbuild/linux-ppc64": "0.28.2", "@esbuild/linux-riscv64": "0.28.2", "@esbuild/linux-s390x": "0.28.2", "@esbuild/linux-x64": "0.28.2", "@esbuild/netbsd-arm64": "0.28.2", "@esbuild/netbsd-x64": "0.28.2", "@esbuild/openbsd-arm64": "0.28.2", "@esbuild/openbsd-x64": "0.28.2", "@esbuild/openharmony-arm64": "0.28.2", "@esbuild/sunos-x64": "0.28.2", "@esbuild/win32-arm64": "0.28.2", "@esbuild/win32-ia32": "0.28.2", "@esbuild/win32-x64": "0.28.2" }, "bin": { "esbuild": "bin/esbuild" } }, "sha512-HKVLS8dvII+xoKW9kmqxbRKrnWEXfJJr/FZhhJmiqIB0e053QNYFqOBouTMO/k5sID4MvCiUCvv8b9M4h32wIA=="],

    "esprima": ["esprima@4.0.1", "", { "bin": { "esparse": "./bin/esparse.js", "esvalidate": "./bin/esvalidate.js" } }, "sha512-eGuFFw7Upda+g4p+QHvnW0RyTX/SVeJBDM/gCtMARO0cLuT2HcEKnTPvhjV6aGeqrCB/sbNop0Kszm0jsaWU4A=="],

    "eventsource-parser": ["eventsource-parser@3.1.1", "", {}, "sha512-EKN1vKAMcZ8MlYMpaNuxN6R9yakzH6uajHcHVTqWJzvu5pWw9DyhbP35HH8MVBQ+dZjAfDxk+A8NiR9KWaXiyQ=="],

    "extend-shallow": ["extend-shallow@2.0.1", "", { "dependencies": { "is-extendable": "^0.1.0" } }, "sha512-zCnTtlxNoAiDc3gqY2aYAWFx7XWWiasuF2K8Me5WbN8otHKTUKBwjPtNpRs/rbUZm7KxWAaNj7P1a/p52GbVug=="],

    "fast-deep-equal": ["fast-deep-equal@3.1.3", "", {}, "sha512-f3qQ9oQy9j2AhBe/H9VC91wLmKBCCU/gDOnKNAYG5hswO7BLKj09Hc5HYNz9cGI++xlpDCIgDaitVs03ATR84Q=="],

    "fdir": ["fdir@6.5.0", "", { "peerDependencies": { "picomatch": "^3 || ^4" }, "optionalPeers": ["picomatch"] }, "sha512-tIbYtZbucOs0BRGqPJkshJUYdL+SDH7dVM8gjy+ERp3WAUjLEFJE+02kanyHtwjWOnwrKYBiwAmM0p4kLJAnXg=="],

    "fontkit": ["fontkit@2.0.4", "", { "dependencies": { "@swc/helpers": "^0.5.12", "brotli": "^1.3.2", "clone": "^2.1.2", "dfa": "^1.2.0", "fast-deep-equal": "^3.1.3", "restructure": "^3.0.0", "tiny-inflate": "^1.0.3", "unicode-properties": "^1.4.0", "unicode-trie": "^2.0.0" } }, "sha512-syetQadaUEDNdxdugga9CpEYVaQIxOwk7GlwZWWZ19//qW4zE5bknOKeMBDYAASwnpaSHKJITRLMF9m1fp3s6g=="],

    "fsevents": ["fsevents@2.3.3", "", { "os": "darwin" }, "sha512-5xoDfX+fL7faATnagmWPpbFtwh/R77WmMMqqHGS65C3vvB0YHrgF+B1YmZ3441tMj5n63k0212XNoJwzlhffQw=="],

    "github-slugger": ["github-slugger@2.0.0", "", {}, "sha512-IaOQ9puYtjrkq7Y0Ygl9KDZnrf/aiUJYUpVf89y8kyaxbRG7Y1SrX/jaumrv81vc61+kiMempujsM3Yw7w5qcw=="],

    "gray-matter": ["gray-matter@4.0.3", "", { "dependencies": { "js-yaml": "^3.13.1", "kind-of": "^6.0.2", "section-matter": "^1.0.0", "strip-bom-string": "^1.0.0" } }, "sha512-5v6yZd4JK3eMI3FqqCouswVqwugaA9r4dNZB1wwcmrD02QkV5H0y7XBQW8QwQqEaZY1pM9aqORSORhJRdNK44Q=="],

    "highlight.js": ["highlight.js@11.11.1", "", {}, "sha512-Xwwo44whKBVCYoliBQwaPvtd/2tYFkRQtXDWj1nackaV2JPXx3L0+Jvd8/qCJ2p+ML0/XVkJ2q+Mr+UVdpJK5w=="],

    "http-message-sig": ["http-message-sig@0.2.0", "", { "dependencies": { "structured-headers": "2.0.2" } }, "sha512-9fXSmxsdWDuMgk6Rd5Jc8Fa/wEblmRXZyO89KPkRrGsdeAwYlUkvS5oSOw6aOKKK/qKHNTq3jCHHTRCEid6RaQ=="],

    "is-extendable": ["is-extendable@0.1.1", "", {}, "sha512-5BMULNob1vgFX6EjQw5izWDxrecWK9AM72rugNr0TFldMOi0fj6Jk+zeKIt0xGj4cEfQIJth4w3OKWOJ4f+AFw=="],

    "janux": ["janux@0.7.0", "", { "dependencies": { "csstype": "^3.2.3", "diff-dom-streaming": "^0.6.10" }, "peerDependencies": { "react": ">=18", "react-dom": ">=18" }, "optionalPeers": ["react", "react-dom"] }, "sha512-o4bmnfH50eWmeEIQDxNKASyVW8j3AsmbksVnvJveYByto7F8NzZck6CgtmAbE1CqD7JD1rXcUYLorTqub53d4Q=="],

    "js-paging": ["js-paging@0.2.0", "", {}, "sha512-jkhmlglnRmdkBhAS9nl4lN77YOkuLbwCD2ERDGCdVmlRRrtSCjxSVvvPqpnj4Ub/IMknA6NGsNnCgrCAwL9yqg=="],

    "js-yaml": ["js-yaml@3.15.1", "", { "dependencies": { "argparse": "^1.0.7", "esprima": "^4.0.0" }, "bin": { "js-yaml": "bin/js-yaml.js" } }, "sha512-S99WuO3HlhO3XN41EtYUNl9zzXjoJx7QvmipxsJVxtCBT0YHEFy+iOJhjSvrmV12nYhWpZaM8lPHkJm0yUMbag=="],

    "json-schema": ["json-schema@0.4.0", "", {}, "sha512-es94M3nTIfsEPisRafak+HDLfHXnKBhV3vU5eqPcS3flIWqcxJWgXHXiey3YrpaNsanY5ei1VoYEbOzijuq9BA=="],

    "jsonwebkey-thumbprint": ["jsonwebkey-thumbprint@0.1.0", "", {}, "sha512-4m/gJEUQH8N2NfvZFjCL8/E+vlt0FlrmHoR4T93CEXQRkC64qwRi6oQri4/eqLVXqEqXYCss0+Q7pLx6vJBqzw=="],

    "kind-of": ["kind-of@6.0.3", "", {}, "sha512-dcS1ul+9tmeD95T+x28/ehLgd9mENa3LsvDTtzm3vyBEO7RPptvAD+t44WVXaUjTBRcrpFeFlC8WCruUR456hw=="],

    "marked": ["marked@16.1.2", "", { "bin": { "marked": "bin/marked.js" } }, "sha512-rNQt5EvRinalby7zJZu/mB+BvaAY2oz3wCuCjt1RDrWNpS1Pdf9xqMOeC9Hm5adBdcV/3XZPJpG58eT+WBc0XQ=="],

    "marked-gfm-heading-id": ["marked-gfm-heading-id@4.1.3", "", { "dependencies": { "github-slugger": "^2.0.0" }, "peerDependencies": { "marked": ">=13 <18" } }, "sha512-aR0i63LmFbuxU/gAgrgz1Ir+8HK6zAIFXMlckeKHpV+qKbYaOP95L4Ux5Gi+sKmCZU5qnN2rdKpvpb7PnUBIWg=="],

    "marked-highlight": ["marked-highlight@2.2.2", "", { "peerDependencies": { "marked": ">=4 <17" } }, "sha512-KlHOP31DatbtPPXPaI8nx1KTrG3EW0Z5zewCwpUj65swbtKOTStteK3sNAjBqV75Pgo3fNEVNHeptg18mDuWgw=="],

    "nanoid": ["nanoid@3.3.18", "", { "bin": { "nanoid": "bin/nanoid.cjs" } }, "sha512-DTg4MJbGMWkfi6VZFdNt2/caMbQy4Ou+Op/hJQvGEWcnVfoA1QA+xzRKAzw9jD6+GVOOeYr/mIcuDSdug6F6+w=="],

    "node-fetch": ["node-fetch@2.7.0", "", { "dependencies": { "whatwg-url": "^5.0.0" }, "peerDependencies": { "encoding": "^0.1.0" }, "optionalPeers": ["encoding"] }, "sha512-c4FRfUm/dbcWZ7U+1Wq0AwCyFL+3nt2bEw05wfxSz+DWpWsitgmSgYmy2dQdWyKC1694ELPqMs/YzUSNozLt8A=="],

    "pako": ["pako@0.2.9", "", {}, "sha512-NUcwaKxUxWrZLpDG+z/xZaCgQITkA/Dv4V/T6bw7VON6l1Xz/VnrBqrYjZQ12TamKHzITTfOEIYUj48y2KXImA=="],

    "picocolors": ["picocolors@1.1.1", "", {}, "sha512-xceH2snhtb5M9liqDsmEw56le376mTZkEX/jEb/RxNFyegNul7eNslCXP9FDj/Lcu0X8KEyMceP2ntpaHrDEVA=="],

    "picomatch": ["picomatch@4.0.5", "", {}, "sha512-RvwwcruNjI1ncT5xRakeyS9Lf8lcItv34KD+aif+VH9kduAyfYBipGh12274xtenIPZ119/R9BdTBa8gAwSh0A=="],

    "postcss": ["postcss@8.5.26", "", { "dependencies": { "nanoid": "^3.3.17", "picocolors": "^1.1.1", "source-map-js": "^1.2.1" } }, "sha512-u82N74LFzG8ca+dD8puPnplTXoGH4fTPpVGuIbt36G3qvNlkvfD0lEAZSxaly3KX8TS/L1A1gsCEmvKmBcVbkQ=="],

    "reading-time": ["reading-time@1.5.0", "", {}, "sha512-onYyVhBNr4CmAxFsKS7bz+uTLRakypIe4R+5A824vBSkQy/hB3fZepoVEf8OVAxzLvK+H/jm9TzpI3ETSm64Kg=="],

    "restructure": ["restructure@3.0.2", "", {}, "sha512-gSfoiOEA0VPE6Tukkrr7I0RBdE0s7H1eFCDBk05l1KIQT1UIKNc5JZy6jdyW6eYH3aR3g5b3PuL77rq0hvwtAw=="],

    "rollup": ["rollup@4.62.4", "", { "dependencies": { "@types/estree": "1.0.9" }, "optionalDependencies": { "@napi-rs/lzma-linux-x64-gnu": "1.5.1", "@rollup/rollup-android-arm-eabi": "4.62.4", "@rollup/rollup-android-arm64": "4.62.4", "@rollup/rollup-darwin-arm64": "4.62.4", "@rollup/rollup-darwin-x64": "4.62.4", "@rollup/rollup-freebsd-arm64": "4.62.4", "@rollup/rollup-freebsd-x64": "4.62.4", "@rollup/rollup-linux-arm-gnueabihf": "4.62.4", "@rollup/rollup-linux-arm-musleabihf": "4.62.4", "@rollup/rollup-linux-arm64-gnu": "4.62.4", "@rollup/rollup-linux-arm64-musl": "4.62.4", "@rollup/rollup-linux-loong64-gnu": "4.62.4", "@rollup/rollup-linux-loong64-musl": "4.62.4", "@rollup/rollup-linux-ppc64-gnu": "4.62.4", "@rollup/rollup-linux-ppc64-musl": "4.62.4", "@rollup/rollup-linux-riscv64-gnu": "4.62.4", "@rollup/rollup-linux-riscv64-musl": "4.62.4", "@rollup/rollup-linux-s390x-gnu": "4.62.4", "@rollup/rollup-linux-x64-gnu": "4.62.4", "@rollup/rollup-linux-x64-musl": "4.62.4", "@rollup/rollup-openbsd-x64": "4.62.4", "@rollup/rollup-openharmony-arm64": "4.62.4", "@rollup/rollup-win32-arm64-msvc": "4.62.4", "@rollup/rollup-win32-ia32-msvc": "4.62.4", "@rollup/rollup-win32-x64-gnu": "4.62.4", "@rollup/rollup-win32-x64-msvc": "4.62.4", "fsevents": "~2.3.2" }, "bin": { "rollup": "dist/bin/rollup" } }, "sha512-RXOqwaPsBGjMNMa4sQjDjHieHEZDFoj/Rdr46l2MU5DfEs16wHJPC2RPTPHWhNl+M3aI472LLqFkFKut4SblOg=="],

    "section-matter": ["section-matter@1.0.0", "", { "dependencies": { "extend-shallow": "^2.0.1", "kind-of": "^6.0.0" } }, "sha512-vfD3pmTzGpufjScBh50YHKzEu2lxBWhVEHsNGoEXmCmn2hKGfeNLYMzCJpe8cD7gqX7TJluOVpBkAequ6dgMmA=="],

    "semver": ["semver@7.8.5", "", { "bin": { "semver": "bin/semver.js" } }, "sha512-Y7/KDsb8LjooZpwaqGyulO6DQlksgCncchHGk+sZIY4SBvUocMBEFH5Ur1fI4dV+Jvl0w6cjvucaIi40puRioA=="],

    "sharp": ["sharp@0.35.3", "", { "dependencies": { "@img/colour": "^1.1.0", "detect-libc": "^2.1.2", "semver": "^7.8.5" }, "optionalDependencies": { "@img/sharp-darwin-arm64": "0.35.3", "@img/sharp-darwin-x64": "0.35.3", "@img/sharp-freebsd-wasm32": "0.35.3", "@img/sharp-libvips-darwin-arm64": "1.3.2", "@img/sharp-libvips-darwin-x64": "1.3.2", "@img/sharp-libvips-linux-arm": "1.3.2", "@img/sharp-libvips-linux-arm64": "1.3.2", "@img/sharp-libvips-linux-ppc64": "1.3.2", "@img/sharp-libvips-linux-riscv64": "1.3.2", "@img/sharp-libvips-linux-s390x": "1.3.2", "@img/sharp-libvips-linux-x64": "1.3.2", "@img/sharp-libvips-linuxmusl-arm64": "1.3.2", "@img/sharp-libvips-linuxmusl-x64": "1.3.2", "@img/sharp-linux-arm": "0.35.3", "@img/sharp-linux-arm64": "0.35.3", "@img/sharp-linux-ppc64": "0.35.3", "@img/sharp-linux-riscv64": "0.35.3", "@img/sharp-linux-s390x": "0.35.3", "@img/sharp-linux-x64": "0.35.3", "@img/sharp-linuxmusl-arm64": "0.35.3", "@img/sharp-linuxmusl-x64": "0.35.3", "@img/sharp-webcontainers-wasm32": "0.35.3", "@img/sharp-win32-arm64": "0.35.3", "@img/sharp-win32-ia32": "0.35.3", "@img/sharp-win32-x64": "0.35.3" }, "peerDependencies": { "@types/node": "*" }, "optionalPeers": ["@types/node"] }, "sha512-ej0zVHuZGHCiABXcNxeYhpRnPNPAcvbG8RMdBAhDAxLKkCRVSpK3Iyu7qbqw3JMzoj0REeM6f3tJLtVwl0023Q=="],

    "source-map-js": ["source-map-js@1.2.1", "", {}, "sha512-UXWMKhLOwVKb728IUtQPXxfYU+usdybtUrK/8uGE8CQMvrhOpwvzDBwj0QhSL7MQc7vIsISBG8VQ8+IDQxpfQA=="],

    "sprintf-js": ["sprintf-js@1.0.3", "", {}, "sha512-D9cPgkvLlV3t3IzL0D0YLvGA9Ahk4PcvVwUbN0dSGr1aP0Nrt4AEnTUbuGvquEC0mA64Gqt1fzirlRs5ibXx8g=="],

    "strip-bom-string": ["strip-bom-string@1.0.0", "", {}, "sha512-uCC2VHvQRYu+lMh4My/sFNmF2klFymLX1wHJeXnbEJERpV/ZsVuonzerjfrGpIGF7LBVa1O7i9kjiWvJiFck8g=="],

    "structured-headers": ["structured-headers@2.0.2", "", {}, "sha512-IUul56vVHuMg2UxWhwDj9zVJE6ztYEQQkynr1FQ/NydPhivtk5+Qb2N1RS36owEFk2fNUriTguJ2R7htRObcdA=="],

    "tiny-inflate": ["tiny-inflate@1.0.3", "", {}, "sha512-pkY1fj1cKHb2seWDy0B16HeWyczlJA9/WW3u3c4z/NiWDsO3DOU5D7nhTLE9CF0yXv/QZFY7sEJmj24dK+Rrqw=="],

    "tinyglobby": ["tinyglobby@0.2.17", "", { "dependencies": { "fdir": "^6.5.0", "picomatch": "^4.0.4" } }, "sha512-wXR/dYpcqKmfWpEdZjiKJOwCNFndD0DMnrW/cYjVGttEkBfVgcLFHoNrlj47mjOVic9yyNu65alsgF4NQyTa2g=="],

    "tr46": ["tr46@0.0.3", "", {}, "sha512-N3WMsuqV66lT30CrXNbEjx4GEwlow3v6rr4mCcv6prnfwhS01rkgyFdjPNBYd9br7LpXV1+Emh01fHnq2Gdgrw=="],

    "tslib": ["tslib@2.8.1", "", {}, "sha512-oJFu94HQb+KVduSUQL7wnpmqnfmLsOA/nAh6b6EH0wCEoK0/mPeXU6c3wKDV83MkOuHPRHtSXKKU99IBazS/2w=="],

    "typescript": ["typescript@5.9.2", "", { "bin": { "tsc": "bin/tsc", "tsserver": "bin/tsserver" } }, "sha512-CWBzXQrc/qOkhidw1OzBTQuYRbfyxDXJMVJ1XNwUHGROVmuaeiEm3OslpZ1RV96d7SKKjZKrSJu3+t/xlw3R9A=="],

    "undici": ["undici@5.29.0", "", { "dependencies": { "@fastify/busboy": "^2.0.0" } }, "sha512-raqeBD6NQK4SkWhQzeYKd1KmIG6dllBOTt55Rmkt4HtI9mwdWtJljnrXjAFUBLTSN67HWrOIZ3EPF4kjUw80Bg=="],

    "undici-types": ["undici-types@8.3.0", "", {}, "sha512-j375ScV60dom+YkPFIfTLcOiPxkN/buHz5GobjLhixFuANaNs3C9l4GmrWqejgXWJ7BbJcFYpTEUkS1Ge8bpZQ=="],

    "unicode-properties": ["unicode-properties@1.4.1", "", { "dependencies": { "base64-js": "^1.3.0", "unicode-trie": "^2.0.0" } }, "sha512-CLjCCLQ6UuMxWnbIylkisbRj31qxHPAurvena/0iwSVbQ2G1VY5/HjV0IRabOEbDHlzZlRdCrD4NhB0JtU40Pg=="],

    "unicode-trie": ["unicode-trie@2.0.0", "", { "dependencies": { "pako": "^0.2.5", "tiny-inflate": "^1.0.0" } }, "sha512-x7bc76x0bm4prf1VLg79uhAzKw8DVboClSN5VxJuQ+LKDOVEW9CdH+VY7SP+vX7xCYQqzzgQpFqz15zeLvAtZQ=="],

    "vite": ["vite@7.3.6", "", { "dependencies": { "esbuild": "^0.27.0 || ^0.28.0", "fdir": "^6.5.0", "picomatch": "^4.0.3", "postcss": "^8.5.6", "rollup": "^4.43.0", "tinyglobby": "^0.2.15" }, "optionalDependencies": { "fsevents": "~2.3.3" }, "peerDependencies": { "@types/node": "^20.19.0 || >=22.12.0", "jiti": ">=1.21.0", "less": "^4.0.0", "lightningcss": "^1.21.0", "sass": "^1.70.0", "sass-embedded": "^1.70.0", "stylus": ">=0.54.8", "sugarss": "^5.0.0", "terser": "^5.16.0", "tsx": "^4.8.1", "yaml": "^2.4.2" }, "optionalPeers": ["@types/node", "jiti", "less", "lightningcss", "sass", "sass-embedded", "stylus", "sugarss", "terser", "tsx", "yaml"], "bin": { "vite": "bin/vite.js" } }, "sha512-4XP60spRGjSZFf1qYH+dJIkK2znL3zQfl9KkOV9MkkRR/3Dls0dxaBsQPTloEc5BLXWPL9vsOxopxyKoMmDueg=="],

    "web-bot-auth": ["web-bot-auth@0.1.3", "", { "dependencies": { "http-message-sig": "^0.2.0", "jsonwebkey-thumbprint": "^0.1.0" } }, "sha512-gDT9+5aMQbo4A0nNTPvIiN70a4F9iI+NLsmcE14CcTbiUsGgQOAnDZUDHCmDpvIqyJgZWkOcbv+jDvSmhKaIXQ=="],

    "webidl-conversions": ["webidl-conversions@3.0.1", "", {}, "sha512-2JAn3z8AR6rjK8Sm8orRC0h/bcl/DqL7tRPdGZ4I1CjdF+EaMLmYxBHyXuKL849eucPFhvBoxMsflfOb8kxaeQ=="],

    "whatwg-url": ["whatwg-url@5.0.0", "", { "dependencies": { "tr46": "~0.0.3", "webidl-conversions": "^3.0.0" } }, "sha512-saE57nupxk6v3HY35+jzBwYa0rKSy0XR8JSxZPwgLr7ys0IBzhGviA1/TUGJLmSVqs8pb9AnvICXEuOHLprYTw=="],

    "yaml": ["yaml@2.9.0", "", { "bin": { "yaml": "bin.mjs" } }, "sha512-2AvhNX3mb8zd6Zy7INTtSpl1F15HW6Wnqj0srWlkKLcpYl/gMIMJiyuGq2KeI2YFxUPjdlB+3Lc10seMLtL4cA=="],

    "zod": ["zod@4.4.3", "", {}, "sha512-ytENFjIJFl2UwYglde2jchW2Hwm4GJFLDiSXWdTrJQBIN9Fcyp7n4DhxJEiWNAJMV1/BqWfW/kkg71UDcHJyTQ=="],
  }
}
